// !$*UTF8*$!
{
	archiveVersion = 1;
	classes = {
	};
	objectVersion = 55;
	objects = {

/* Begin PBXBuildFile section */
		4D2D84A1287516F3006B102F /* AppDelegate.swift in Sources */ = {isa = PBXBuildFile; fileRef = 4D2D84A0287516F3006B102F /* AppDelegate.swift */; };
		4D2D84A3287516F3006B102F /* SceneDelegate.swift in Sources */ = {isa = PBXBuildFile; fileRef = 4D2D84A2287516F3006B102F /* SceneDelegate.swift */; };
		4D2D84A5287516F3006B102F /* ViewController.swift in Sources */ = {isa = PBXBuildFile; fileRef = 4D2D84A4287516F3006B102F /* ViewController.swift */; };
		4D2D84A8287516F3006B102F /* Main.storyboard in Resources */ = {isa = PBXBuildFile; fileRef = 4D2D84A6287516F3006B102F /* Main.storyboard */; };
		4D2D84AA287516F4006B102F /* Assets.xcassets in Resources */ = {isa = PBXBuildFile; fileRef = 4D2D84A9287516F4006B102F /* Assets.xcassets */; };
		4D2D84AD287516F4006B102F /* LaunchScreen.storyboard in Resources */ = {isa = PBXBuildFile; fileRef = 4D2D84AB287516F4006B102F /* LaunchScreen.storyboard */; };
		4D2D84B8287516F4006B102F /* CatYearsOldTests.swift in Sources */ = {isa = PBXBuildFile; fileRef = 4D2D84B7287516F4006B102F /* CatYearsOldTests.swift */; };
		4D2D84C2287516F4006B102F /* CatYearsOldUITests.swift in Sources */ = {isa = PBXBuildFile; fileRef = 4D2D84C1287516F4006B102F /* CatYearsOldUITests.swift */; };
		4D2D84C4287516F4006B102F /* CatYearsOldUITestsLaunchTests.swift in Sources */ = {isa = PBXBuildFile; fileRef = 4D2D84C3287516F4006B102F /* CatYearsOldUITestsLaunchTests.swift */; };
		4D2D84D2287519BF006B102F /* Cat1.jpeg in Resources */ = {isa = PBXBuildFile; fileRef = 4D2D84D1287519BF006B102F /* Cat1.jpeg */; };
/* End PBXBuildFile section */

/* Begin PBXContainerItemProxy section */
		4D2D84B4287516F4006B102F /* PBXContainerItemProxy */ = {
			isa = PBXContainerItemProxy;
			containerPortal = 4D2D8495287516F3006B102F /* Project object */;
			proxyType = 1;
			remoteGlobalIDString = 4D2D849C287516F3006B102F;
			remoteInfo = CatYearsOld;
		};
		4D2D84BE287516F4006B102F /* PBXContainerItemProxy */ = {
			isa = PBXContainerItemProxy;
			containerPortal = 4D2D8495287516F3006B102F /* Project object */;
			proxyType = 1;
			remoteGlobalIDString = 4D2D849C287516F3006B102F;
			remoteInfo = CatYearsOld;
		};
/* End PBXContainerItemProxy section */

/* Begin PBXFileReference section */
		4D2D849D287516F3006B102F /* CatYearsOld.app */ = {isa = PBXFileReference; explicitFileType = wrapper.application; includeInIndex = 0; path = CatYearsOld.app; sourceTree = BUILT_PRODUCTS_DIR; };
		4D2D84A0287516F3006B102F /* AppDelegate.swift */ = {isa = PBXFileReference; lastKnownFileType = sourcecode.swift; path = AppDelegate.swift; sourceTree = "<group>"; };
		4D2D84A2287516F3006B102F /* SceneDelegate.swift */ = {isa = PBXFileReference; lastKnownFileType = sourcecode.swift; path = SceneDelegate.swift; sourceTree = "<group>"; };
		4D2D84A4287516F3006B102F /* ViewController.swift */ = {isa = PBXFileReference; lastKnownFileType = sourcecode.swift; path = ViewController.swift; sourceTree = "<group>"; };
		4D2D84A7287516F3006B102F /* Base */ = {isa = PBXFileReference; lastKnownFileType = file.storyboard; name = Base; path = Base.lproj/Main.storyboard; sourceTree = "<group>"; };
		4D2D84A9287516F4006B102F /* Assets.xcassets */ = {isa = PBXFileReference; lastKnownFileType = folder.assetcatalog; path = Assets.xcassets; sourceTree = "<group>"; };
		4D2D84AC287516F4006B102F /* Base */ = {isa = PBXFileReference; lastKnownFileType = file.storyboard; name = Base; path = Base.lproj/LaunchScreen.storyboard; sourceTree = "<group>"; };
		4D2D84AE287516F4006B102F /* Info.plist */ = {isa = PBXFileReference; lastKnownFileType = text.plist.xml; path = Info.plist; sourceTree = "<group>"; };
		4D2D84B3287516F4006B102F /* CatYearsOldTests.xctest */ = {isa = PBXFileReference; explicitFileType = wrapper.cfbundle; includeInIndex = 0; path = CatYearsOldTests.xctest; sourceTree = BUILT_PRODUCTS_DIR; };
		4D2D84B7287516F4006B102F /* CatYearsOldTests.swift */ = {isa = PBXFileReference; lastKnownFileType = sourcecode.swift; path = CatYearsOldTests.swift; sourceTree = "<group>"; };
		4D2D84BD287516F4006B102F /* CatYearsOldUITests.xctest */ = {isa = PBXFileReference; explicitFileType = wrapper.cfbundle; includeInIndex = 0; path = CatYearsOldUITests.xctest; sourceTree = BUILT_PRODUCTS_DIR; };
		4D2D84C1287516F4006B102F /* CatYearsOldUITests.swift */ = {isa = PBXFileReference; lastKnownFileType = sourcecode.swift; path = CatYearsOldUITests.swift; sourceTree = "<group>"; };
		4D2D84C3287516F4006B102F /* CatYearsOldUITestsLaunchTests.swift */ = {isa = PBXFileReference; lastKnownFileType = sourcecode.swift; path = CatYearsOldUITestsLaunchTests.swift; sourceTree = "<group>"; };
		4D2D84D028751853006B102F /* Cat.webp */ = {isa = PBXFileReference; explicitFileType = image.jpeg; path = Cat.webp; sourceTree = "<group>"; };
		4D2D84D1287519BF006B102F /* Cat1.jpeg */ = {isa = PBXFileReference; lastKnownFileType = image.jpeg; path = Cat1.jpeg; sourceTree = "<group>"; };
/* End PBXFileReference section */

/* Begin PBXFrameworksBuildPhase section */
		4D2D849A287516F3006B102F /* Frameworks */ = {
			isa = PBXFrameworksBuildPhase;
			buildActionMask = 2147483647;
			files = (
			);
			runOnlyForDeploymentPostprocessing = 0;
		};
		4D2D84B0287516F4006B102F /* Frameworks */ = {
			isa = PBXFrameworksBuildPhase;
			buildActionMask = 2147483647;
			files = (
			);
			runOnlyForDeploymentPostprocessing = 0;
		};
		4D2D84BA287516F4006B102F /* Frameworks */ = {
			isa = PBXFrameworksBuildPhase;
			buildActionMask = 2147483647;
			files = (
			);
			runOnlyForDeploymentPostprocessing = 0;
		};
/* End PBXFrameworksBuildPhase section */

/* Begin PBXGroup section */
		4D2D8494287516F3006B102F = {
			isa = PBXGroup;
			children = (
				4D2D849F287516F3006B102F /* CatYearsOld */,
				4D2D84B6287516F4006B102F /* CatYearsOldTests */,
				4D2D84C0287516F4006B102F /* CatYearsOldUITests */,
				4D2D849E287516F3006B102F /* Products */,
			);
			sourceTree = "<group>";
		};
		4D2D849E287516F3006B102F /* Products */ = {
			isa = PBXGroup;
			children = (
				4D2D849D287516F3006B102F /* CatYearsOld.app */,
				4D2D84B3287516F4006B102F /* CatYearsOldTests.xctest */,
				4D2D84BD287516F4006B102F /* CatYearsOldUITests.xctest */,
			);
			name = Products;
			sourceTree = "<group>";
		};
		4D2D849F287516F3006B102F /* CatYearsOld */ = {
			isa = PBXGroup;
			children = (
				4D2D84A0287516F3006B102F /* AppDelegate.swift */,
				4D2D84A2287516F3006B102F /* SceneDelegate.swift */,
				4D2D84A4287516F3006B102F /* ViewController.swift */,
				4D2D84A6287516F3006B102F /* Main.storyboard */,
				4D2D84A9287516F4006B102F /* Assets.xcassets */,
				4D2D84AB287516F4006B102F /* LaunchScreen.storyboard */,
				4D2D84AE287516F4006B102F /* Info.plist */,
				4D2D84D1287519BF006B102F /* Cat1.jpeg */,
				4D2D84D028751853006B102F /* Cat.webp */,
			);
			path = CatYearsOld;
			sourceTree = "<group>";
		};
		4D2D84B6287516F4006B102F /* CatYearsOldTests */ = {
			isa = PBXGroup;
			children = (
				4D2D84B7287516F4006B102F /* CatYearsOldTests.swift */,
			);
			path = CatYearsOldTests;
			sourceTree = "<group>";
		};
		4D2D84C0287516F4006B102F /* CatYearsOldUITests */ = {
			isa = PBXGroup;
			children = (
				4D2D84C1287516F4006B102F /* CatYearsOldUITests.swift */,
				4D2D84C3287516F4006B102F /* CatYearsOldUITestsLaunchTests.swift */,
			);
			path = CatYearsOldUITests;
			sourceTree = "<group>";
		};
/* End PBXGroup section */

/* Begin PBXNativeTarget section */
		4D2D849C287516F3006B102F /* CatYearsOld */ = {
			isa = PBXNativeTarget;
			buildConfigurationList = 4D2D84C7287516F4006B102F /* Build configuration list for PBXNativeTarget "CatYearsOld" */;
			buildPhases = (
				4D2D8499287516F3006B102F /* Sources */,
				4D2D849A287516F3006B102F /* Frameworks */,
				4D2D849B287516F3006B102F /* Resources */,
			);
			buildRules = (
			);
			dependencies = (
			);
			name = CatYearsOld;
			productName = CatYearsOld;
			productReference = 4D2D849D287516F3006B102F /* CatYearsOld.app */;
			productType = "com.apple.product-type.application";
		};
		4D2D84B2287516F4006B102F /* CatYearsOldTests */ = {
			isa = PBXNativeTarget;
			buildConfigurationList = 4D2D84CA287516F4006B102F /* Build configuration list for PBXNativeTarget "CatYearsOldTests" */;
			buildPhases = (
				4D2D84AF287516F4006B102F /* Sources */,
				4D2D84B0287516F4006B102F /* Frameworks */,
				4D2D84B1287516F4006B102F /* Resources */,
			);
			buildRules = (
			);
			dependencies = (
				4D2D84B5287516F4006B102F /* PBXTargetDependency */,
			);
			name = CatYearsOldTests;
			productName = CatYearsOldTests;
			productReference = 4D2D84B3287516F4006B102F /* CatYearsOldTests.xctest */;
			productType = "com.apple.product-type.bundle.unit-test";
		};
		4D2D84BC287516F4006B102F /* CatYearsOldUITests */ = {
			isa = PBXNativeTarget;
			buildConfigurationList = 4D2D84CD287516F4006B102F /* Build configuration list for PBXNativeTarget "CatYearsOldUITests" */;
			buildPhases = (
				4D2D84B9287516F4006B102F /* Sources */,
				4D2D84BA287516F4006B102F /* Frameworks */,
				4D2D84BB287516F4006B102F /* Resources */,
			);
			buildRules = (
			);
			dependencies = (
				4D2D84BF287516F4006B102F /* PBXTargetDependency */,
			);
			name = CatYearsOldUITests;
			productName = CatYearsOldUITests;
			productReference = 4D2D84BD287516F4006B102F /* CatYearsOldUITests.xctest */;
			productType = "com.apple.product-type.bundle.ui-testing";
		};
/* End PBXNativeTarget section */

/* Begin PBXProject section */
		4D2D8495287516F3006B102F /* Project object */ = {
			isa = PBXProject;
			attributes = {
				BuildIndependentTargetsInParallel = 1;
				LastSwiftUpdateCheck = 1330;
				LastUpgradeCheck = 1330;
				TargetAttributes = {
					4D2D849C287516F3006B102F = {
						CreatedOnToolsVersion = 13.3;
					};
					4D2D84B2287516F4006B102F = {
						CreatedOnToolsVersion = 13.3;
						TestTargetID = 4D2D849C287516F3006B102F;
					};
					4D2D84BC287516F4006B102F = {
						CreatedOnToolsVersion = 13.3;
						TestTargetID = 4D2D849C287516F3006B102F;
					};
				};
			};
			buildConfigurationList = 4D2D8498287516F3006B102F /* Build configuration list for PBXProject "CatYearsOld" */;
			compatibilityVersion = "Xcode 13.0";
			developmentRegion = en;
			hasScannedForEncodings = 0;
			knownRegions = (
				en,
				Base,
			);
			mainGroup = 4D2D8494287516F3006B102F;
			productRefGroup = 4D2D849E287516F3006B102F /* Products */;
			projectDirPath = "";
			projectRoot = "";
			targets = (
				4D2D849C287516F3006B102F /* CatYearsOld */,
				4D2D84B2287516F4006B102F /* CatYearsOldTests */,
				4D2D84BC287516F4006B102F /* CatYearsOldUITests */,
			);
		};
/* End PBXProject section */

/* Begin PBXResourcesBuildPhase section */
		4D2D849B287516F3006B102F /* Resources */ = {
			isa = PBXResourcesBuildPhase;
			buildActionMask = 2147483647;
			files = (
				4D2D84AD287516F4006B102F /* LaunchScreen.storyboard in Resources */,
				4D2D84AA287516F4006B102F /* Assets.xcassets in Resources */,
				4D2D84D2287519BF006B102F /* Cat1.jpeg in Resources */,
				4D2D84A8287516F3006B102F /* Main.storyboard in Resources */,
			);
			runOnlyForDeploymentPostprocessing = 0;
		};
		4D2D84B1287516F4006B102F /* Resources */ = {
			isa = PBXResourcesBuildPhase;
			buildActionMask = 2147483647;
			files = (
			);
			runOnlyForDeploymentPostprocessing = 0;
		};
		4D2D84BB287516F4006B102F /* Resources */ = {
			isa = PBXResourcesBuildPhase;
			buildActionMask = 2147483647;
			files = (
			);
			runOnlyForDeploymentPostprocessing = 0;
		};
/* End PBXResourcesBuildPhase section */

/* Begin PBXSourcesBuildPhase section */
		4D2D8499287516F3006B102F /* Sources */ = {
			isa = PBXSourcesBuildPhase;
			buildActionMask = 2147483647;
			files = (
				4D2D84A5287516F3006B102F /* ViewController.swift in Sources */,
				4D2D84A1287516F3006B102F /* AppDelegate.swift in Sources */,
				4D2D84A3287516F3006B102F /* SceneDelegate.swift in Sources */,
			);
			runOnlyForDeploymentPostprocessing = 0;
		};
		4D2D84AF287516F4006B102F /* Sources */ = {
			isa = PBXSourcesBuildPhase;
			buildActionMask = 2147483647;
			files = (
				4D2D84B8287516F4006B102F /* CatYearsOldTests.swift in Sources */,
			);
			runOnlyForDeploymentPostprocessing = 0;
		};
		4D2D84B9287516F4006B102F /* Sources */ = {
			isa = PBXSourcesBuildPhase;
			buildActionMask = 2147483647;
			files = (
				4D2D84C4287516F4006B102F /* CatYearsOldUITestsLaunchTests.swift in Sources */,
				4D2D84C2287516F4006B102F /* CatYearsOldUITests.swift in Sources */,
			);
			runOnlyForDeploymentPostprocessing = 0;
		};
/* End PBXSourcesBuildPhase section */

/* Begin PBXTargetDependency section */
		4D2D84B5287516F4006B102F /* PBXTargetDependency */ = {
			isa = PBXTargetDependency;
			target = 4D2D849C287516F3006B102F /* CatYearsOld */;
			targetProxy = 4D2D84B4287516F4006B102F /* PBXContainerItemProxy */;
		};
		4D2D84BF287516F4006B102F /* PBXTargetDependency */ = {
			isa = PBXTargetDependency;
			target = 4D2D849C287516F3006B102F /* CatYearsOld */;
			targetProxy = 4D2D84BE287516F4006B102F /* PBXContainerItemProxy */;
		};
/* End PBXTargetDependency section */

/* Begin PBXVariantGroup section */
		4D2D84A6287516F3006B102F /* Main.storyboard */ = {
			isa = PBXVariantGroup;
			children = (
				4D2D84A7287516F3006B102F /* Base */,
			);
			name = Main.storyboard;
			sourceTree = "<group>";
		};
		4D2D84AB287516F4006B102F /* LaunchScreen.storyboard */ = {
			isa = PBXVariantGroup;
			children = (
				4D2D84AC287516F4006B102F /* Base */,
			);
			name = LaunchScreen.storyboard;
			sourceTree = "<group>";
		};
/* End PBXVariantGroup section */

/* Begin XCBuildConfiguration section */
		4D2D84C5287516F4006B102F /* Debug */ = {
			isa = XCBuildConfiguration;
			buildSettings = {
				ALWAYS_SEARCH_USER_PATHS = NO;
				CLANG_ANALYZER_NONNULL = YES;
				CLANG_ANALYZER_NUMBER_OBJECT_CONVERSION = YES_AGGRESSIVE;
				CLANG_CXX_LANGUAGE_STANDARD = "gnu++17";
				CLANG_ENABLE_MODULES = YES;
				CLANG_ENABLE_OBJC_ARC = YES;
				CLANG_ENABLE_OBJC_WEAK = YES;
				CLANG_WARN_BLOCK_CAPTURE_AUTORELEASING = YES;
				CLANG_WARN_BOOL_CONVERSION = YES;
				CLANG_WARN_COMMA = YES;
				CLANG_WARN_CONSTANT_CONVERSION = YES;
				CLANG_WARN_DEPRECATED_OBJC_IMPLEMENTATIONS = YES;
				CLANG_WARN_DIRECT_OBJC_ISA_USAGE = YES_ERROR;
				CLANG_WARN_DOCUMENTATION_COMMENTS = YES;
				CLANG_WARN_EMPTY_BODY = YES;
				CLANG_WARN_ENUM_CONVERSION = YES;
				CLANG_WARN_INFINITE_RECURSION = YES;
				CLANG_WARN_INT_CONVERSION = YES;
				CLANG_WARN_NON_LITERAL_NULL_CONVERSION = YES;
				CLANG_WARN_OBJC_IMPLICIT_RETAIN_SELF = YES;
				CLANG_WARN_OBJC_LITERAL_CONVERSION = YES;
				CLANG_WARN_OBJC_ROOT_CLASS = YES_ERROR;
				CLANG_WARN_QUOTED_INCLUDE_IN_FRAMEWORK_HEADER = YES;
				CLANG_WARN_RANGE_LOOP_ANALYSIS = YES;
				CLANG_WARN_STRICT_PROTOTYPES = YES;
				CLANG_WARN_SUSPICIOUS_MOVE = YES;
				CLANG_WARN_UNGUARDED_AVAILABILITY = YES_AGGRESSIVE;
				CLANG_WARN_UNREACHABLE_CODE = YES;
				CLANG_WARN__DUPLICATE_METHOD_MATCH = YES;
				COPY_PHASE_STRIP = NO;
				DEBUG_INFORMATION_FORMAT = dwarf;
				ENABLE_STRICT_OBJC_MSGSEND = YES;
				ENABLE_TESTABILITY = YES;
				GCC_C_LANGUAGE_STANDARD = gnu11;
				GCC_DYNAMIC_NO_PIC = NO;
				GCC_NO_COMMON_BLOCKS = YES;
				GCC_OPTIMIZATION_LEVEL = 0;
				GCC_PREPROCESSOR_DEFINITIONS = (
					"DEBUG=1",
					"$(inherited)",
				);
				GCC_WARN_64_TO_32_BIT_CONVERSION = YES;
				GCC_WARN_ABOUT_RETURN_TYPE = YES_ERROR;
				GCC_WARN_UNDECLARED_SELECTOR = YES;
				GCC_WARN_UNINITIALIZED_AUTOS = YES_AGGRESSIVE;
				GCC_WARN_UNUSED_FUNCTION = YES;
				GCC_WARN_UNUSED_VARIABLE = YES;
				IPHONEOS_DEPLOYMENT_TARGET = 15.4;
				MTL_ENABLE_DEBUG_INFO = INCLUDE_SOURCE;
				MTL_FAST_MATH = YES;
				ONLY_ACTIVE_ARCH = YES;
				SDKROOT = iphoneos;
				SWIFT_ACTIVE_COMPILATION_CONDITIONS = DEBUG;
				SWIFT_OPTIMIZATION_LEVEL = "-Onone";
			};
			name = Debug;
		};
		4D2D84C6287516F4006B102F /* Release */ = {
			isa = XCBuildConfiguration;
			buildSettings = {
				ALWAYS_SEARCH_USER_PATHS = NO;
				CLANG_ANALYZER_NONNULL = YES;
				CLANG_ANALYZER_NUMBER_OBJECT_CONVERSION = YES_AGGRESSIVE;
				CLANG_CXX_LANGUAGE_STANDARD = "gnu++17";
				CLANG_ENABLE_MODULES = YES;
				CLANG_ENABLE_OBJC_ARC = YES;
				CLANG_ENABLE_OBJC_WEAK = YES;
				CLANG_WARN_BLOCK_CAPTURE_AUTORELEASING = YES;
				CLANG_WARN_BOOL_CONVERSION = YES;
				CLANG_WARN_COMMA = YES;
				CLANG_WARN_CONSTANT_CONVERSION = YES;
				CLANG_WARN_DEPRECATED_OBJC_IMPLEMENTATIONS = YES;
				CLANG_WARN_DIRECT_OBJC_ISA_USAGE = YES_ERROR;
				CLANG_WARN_DOCUMENTATION_COMMENTS = YES;
				CLANG_WARN_EMPTY_BODY = YES;
				CLANG_WARN_ENUM_CONVERSION = YES;
				CLANG_WARN_INFINITE_RECURSION = YES;
				CLANG_WARN_INT_CONVERSION = YES;
				CLANG_WARN_NON_LITERAL_NULL_CONVERSION = YES;
				CLANG_WARN_OBJC_IMPLICIT_RETAIN_SELF = YES;
				CLANG_WARN_OBJC_LITERAL_CONVERSION = YES;
				CLANG_WARN_OBJC_ROOT_CLASS = YES_ERROR;
				CLANG_WARN_QUOTED_INCLUDE_IN_FRAMEWORK_HEADER = YES;
				CLANG_WARN_RANGE_LOOP_ANALYSIS = YES;
				CLANG_WARN_STRICT_PROTOTYPES = YES;
				CLANG_WARN_SUSPICIOUS_MOVE = YES;
				CLANG_WARN_UNGUARDED_AVAILABILITY = YES_AGGRESSIVE;
				CLANG_WARN_UNREACHABLE_CODE = YES;
				CLANG_WARN__DUPLICATE_METHOD_MATCH = YES;
				COPY_PHASE_STRIP = NO;
				DEBUG_INFORMATION_FORMAT = "dwarf-with-dsym";
				ENABLE_NS_ASSERTIONS = NO;
				ENABLE_STRICT_OBJC_MSGSEND = YES;
				GCC_C_LANGUAGE_STANDARD = gnu11;
				GCC_NO_COMMON_BLOCKS = YES;
				GCC_WARN_64_TO_32_BIT_CONVERSION = YES;
				GCC_WARN_ABOUT_RETURN_TYPE = YES_ERROR;
				GCC_WARN_UNDECLARED_SELECTOR = YES;
				GCC_WARN_UNINITIALIZED_AUTOS = YES_AGGRESSIVE;
				GCC_WARN_UNUSED_FUNCTION = YES;
				GCC_WARN_UNUSED_VARIABLE = YES;
				IPHONEOS_DEPLOYMENT_TARGET = 15.4;
				MTL_ENABLE_DEBUG_INFO = NO;
				MTL_FAST_MATH = YES;
				SDKROOT = iphoneos;
				SWIFT_COMPILATION_MODE = wholemodule;
				SWIFT_OPTIMIZATION_LEVEL = "-O";
				VALIDATE_PRODUCT = YES;
			};
			name = Release;
		};
		4D2D84C8287516F4006B102F /* Debug */ = {
			isa = XCBuildConfiguration;
			buildSettings = {
				ASSETCATALOG_COMPILER_APPICON_NAME = AppIcon;
				ASSETCATALOG_COMPILER_GLOBAL_ACCENT_COLOR_NAME = AccentColor;
				CODE_SIGN_STYLE = Automatic;
				CURRENT_PROJECT_VERSION = 1;
				GENERATE_INFOPLIST_FILE = YES;
				INFOPLIST_FILE = CatYearsOld/Info.plist;
				INFOPLIST_KEY_UIApplicationSupportsIndirectInputEvents = YES;
				INFOPLIST_KEY_UILaunchStoryboardName = LaunchScreen;
				INFOPLIST_KEY_UIMainStoryboardFile = Main;
				INFOPLIST_KEY_UISupportedInterfaceOrientations_iPad = "UIInterfaceOrientationPortrait UIInterfaceOrientationPortraitUpsideDown UIInterfaceOrientationLandscapeLeft UIInterfaceOrientationLandscapeRight";
				INFOPLIST_KEY_UISupportedInterfaceOrientations_iPhone = "UIInterfaceOrientationPortrait UIInterfaceOrientationLandscapeLeft UIInterfaceOrientationLandscapeRight";
				LD_RUNPATH_SEARCH_PATHS = (
					"$(inherited)",
					"@executable_path/Frameworks",
				);
				MARKETING_VERSION = 1.0;
				PRODUCT_BUNDLE_IDENTIFIER = com.kkamalva.CatYearsOld;
				PRODUCT_NAME = "$(TARGET_NAME)";
				SWIFT_EMIT_LOC_STRINGS = YES;
				SWIFT_VERSION = 5.0;
				TARGETED_DEVICE_FAMILY = "1,2";
			};
			name = Debug;
		};
		4D2D84C9287516F4006B102F /* Release */ = {
			isa = XCBuildConfiguration;
			buildSettings = {
				ASSETCATALOG_COMPILER_APPICON_NAME = AppIcon;
				ASSETCATALOG_COMPILER_GLOBAL_ACCENT_COLOR_NAME = AccentColor;
				CODE_SIGN_STYLE = Automatic;
				CURRENT_PROJECT_VERSION = 1;
				GENERATE_INFOPLIST_FILE = YES;
				INFOPLIST_FILE = CatYearsOld/Info.plist;
				INFOPLIST_KEY_UIApplicationSupportsIndirectInputEvents = YES;
				INFOPLIST_KEY_UILaunchStoryboardName = LaunchScreen;
				INFOPLIST_KEY_UIMainStoryboardFile = Main;
				INFOPLIST_KEY_UISupportedInterfaceOrientations_iPad = "UIInterfaceOrientationPortrait UIInterfaceOrientationPortraitUpsideDown UIInterfaceOrientationLandscapeLeft UIInterfaceOrientationLandscapeRight";
				INFOPLIST_KEY_UISupportedInterfaceOrientations_iPhone = "UIInterfaceOrientationPortrait UIInterfaceOrientationLandscapeLeft UIInterfaceOrientationLandscapeRight";
				LD_RUNPATH_SEARCH_PATHS = (
					"$(inherited)",
					"@executable_path/Frameworks",
				);
				MARKETING_VERSION = 1.0;
				PRODUCT_BUNDLE_IDENTIFIER = com.kkamalva.CatYearsOld;
				PRODUCT_NAME = "$(TARGET_NAME)";
				SWIFT_EMIT_LOC_STRINGS = YES;
				SWIFT_VERSION = 5.0;
				TARGETED_DEVICE_FAMILY = "1,2";
			};
			name = Release;
		};
		4D2D84CB287516F4006B102F /* Debug */ = {
			isa = XCBuildConfiguration;
			buildSettings = {
				ALWAYS_EMBED_SWIFT_STANDARD_LIBRARIES = YES;
				BUNDLE_LOADER = "$(TEST_HOST)";
				CODE_SIGN_STYLE = Automatic;
				CURRENT_PROJECT_VERSION = 1;
				GENERATE_INFOPLIST_FILE = YES;
				IPHONEOS_DEPLOYMENT_TARGET = 15.4;
				MARKETING_VERSION = 1.0;
				PRODUCT_BUNDLE_IDENTIFIER = com.kkamalva.CatYearsOldTests;
				PRODUCT_NAME = "$(TARGET_NAME)";
				SWIFT_EMIT_LOC_STRINGS = NO;
				SWIFT_VERSION = 5.0;
				TARGETED_DEVICE_FAMILY = "1,2";
				TEST_HOST = "$(BUILT_PRODUCTS_DIR)/CatYearsOld.app/CatYearsOld";
			};
			name = Debug;
		};
		4D2D84CC287516F4006B102F /* Release */ = {
			isa = XCBuildConfiguration;
			buildSettings = {
				ALWAYS_EMBED_SWIFT_STANDARD_LIBRARIES = YES;
				BUNDLE_LOADER = "$(TEST_HOST)";
				CODE_SIGN_STYLE = Automatic;
				CURRENT_PROJECT_VERSION = 1;
				GENERATE_INFOPLIST_FILE = YES;
				IPHONEOS_DEPLOYMENT_TARGET = 15.4;
				MARKETING_VERSION = 1.0;
				PRODUCT_BUNDLE_IDENTIFIER = com.kkamalva.CatYearsOldTests;
				PRODUCT_NAME = "$(TARGET_NAME)";
				SWIFT_EMIT_LOC_STRINGS = NO;
				SWIFT_VERSION = 5.0;
				TARGETED_DEVICE_FAMILY = "1,2";
				TEST_HOST = "$(BUILT_PRODUCTS_DIR)/CatYearsOld.app/CatYearsOld";
			};
			name = Release;
		};
		4D2D84CE287516F4006B102F /* Debug */ = {
			isa = XCBuildConfiguration;
			buildSettings = {
				ALWAYS_EMBED_SWIFT_STANDARD_LIBRARIES = YES;
				CODE_SIGN_STYLE = Automatic;
				CURRENT_PROJECT_VERSION = 1;
				GENERATE_INFOPLIST_FILE = YES;
				MARKETING_VERSION = 1.0;
				PRODUCT_BUNDLE_IDENTIFIER = com.kkamalva.CatYearsOldUITests;
				PRODUCT_NAME = "$(TARGET_NAME)";
				SWIFT_EMIT_LOC_STRINGS = NO;
				SWIFT_VERSION = 5.0;
				TARGETED_DEVICE_FAMILY = "1,2";
				TEST_TARGET_NAME = CatYearsOld;
			};
			name = Debug;
		};
		4D2D84CF287516F4006B102F /* Release */ = {
			isa = XCBuildConfiguration;
			buildSettings = {
				ALWAYS_EMBED_SWIFT_STANDARD_LIBRARIES = YES;
				CODE_SIGN_STYLE = Automatic;
				CURRENT_PROJECT_VERSION = 1;
				GENERATE_INFOPLIST_FILE = YES;
				MARKETING_VERSION = 1.0;
				PRODUCT_BUNDLE_IDENTIFIER = com.kkamalva.CatYearsOldUITests;
				PRODUCT_NAME = "$(TARGET_NAME)";
				SWIFT_EMIT_LOC_STRINGS = NO;
				SWIFT_VERSION = 5.0;
				TARGETED_DEVICE_FAMILY = "1,2";
				TEST_TARGET_NAME = CatYearsOld;
			};
			name = Release;
		};
/* End XCBuildConfiguration section */

/* Begin XCConfigurationList section */
		4D2D8498287516F3006B102F /* Build configuration list for PBXProject "CatYearsOld" */ = {
			isa = XCConfigurationList;
			buildConfigurations = (
				4D2D84C5287516F4006B102F /* Debug */,
				4D2D84C6287516F4006B102F /* Release */,
			);
			defaultConfigurationIsVisible = 0;
			defaultConfigurationName = Release;
		};
		4D2D84C7287516F4006B102F /* Build configuration list for PBXNativeTarget "CatYearsOld" */ = {
			isa = XCConfigurationList;
			buildConfigurations = (
				4D2D84C8287516F4006B102F /* Debug */,
				4D2D84C9287516F4006B102F /* Release */,
			);
			defaultConfigurationIsVisible = 0;
			defaultConfigurationName = Release;
		};
		4D2D84CA287516F4006B102F /* Build configuration list for PBXNativeTarget "CatYearsOldTests" */ = {
			isa = XCConfigurationList;
			buildConfigurations = (
				4D2D84CB287516F4006B102F /* Debug */,
				4D2D84CC287516F4006B102F /* Release */,
			);
			defaultConfigurationIsVisible = 0;
			defaultConfigurationName = Release;
		};
		4D2D84CD287516F4006B102F /* Build configuration list for PBXNativeTarget "CatYearsOldUITests" */ = {
			isa = XCConfigurationList;
			buildConfigurations = (
				4D2D84CE287516F4006B102F /* Debug */,
				4D2D84CF287516F4006B102F /* Release */,
			);
			defaultConfigurationIsVisible = 0;
			defaultConfigurationName = Release;
		};
/* End XCConfigurationList section */
	};
	rootObject = 4D2D8495287516F3006B102F /* Project object */;
}
